
Microsoft Visual Studio Solution File, Format Version 12.00
# Visual Studio Version 17
VisualStudioVersion = 17.3.32819.101
MinimumVisualStudioVersion = 10.0.40219.1
Project("{9A19103F-16F7-4668-BE54-9A1E7A4F7556}") = "theseed-api", "theseed-api\theseed-api.csproj", "{90AF8BDD-7681-4361-B9D4-85CE9FE22623}"
EndProject
Project("{9A19103F-16F7-4668-BE54-9A1E7A4F7556}") = "theseed-api.Core.Tests", "theseed-api.Core.Tests\theseed-api.Core.Tests.csproj", "{4859D2E4-D77B-495B-AE9A-49BAEB4D22E4}"
EndProject
Global
	GlobalSection(SolutionConfigurationPlatforms) = preSolution
		Debug|Any CPU = Debug|Any CPU
		Release|Any CPU = Release|Any CPU
	EndGlobalSection
	GlobalSection(ProjectConfigurationPlatforms) = postSolution
		{90AF8BDD-7681-4361-B9D4-85CE9FE22623}.Debug|Any CPU.ActiveCfg = Release|Any CPU
		{90AF8BDD-7681-4361-B9D4-85CE9FE22623}.Debug|Any CPU.Build.0 = Release|Any CPU
		{90AF8BDD-7681-4361-B9D4-85CE9FE22623}.Release|Any CPU.ActiveCfg = Release|Any CPU
		{90AF8BDD-7681-4361-B9D4-85CE9FE22623}.Release|Any CPU.Build.0 = Release|Any CPU
		{4859D2E4-D77B-495B-AE9A-49BAEB4D22E4}.Debug|Any CPU.ActiveCfg = Debug|Any CPU
		{4859D2E4-D77B-495B-AE9A-49BAEB4D22E4}.Debug|Any CPU.Build.0 = Debug|Any CPU
		{4859D2E4-D77B-495B-AE9A-49BAEB4D22E4}.Release|Any CPU.ActiveCfg = Debug|Any CPU
		{4859D2E4-D77B-495B-AE9A-49BAEB4D22E4}.Release|Any CPU.Build.0 = Debug|Any CPU
	EndGlobalSection
	GlobalSection(SolutionProperties) = preSolution
		HideSolutionNode = FALSE
	EndGlobalSection
	GlobalSection(ExtensibilityGlobals) = postSolution
		SolutionGuid = {3A225538-CD6B-478D-9359-ED0F48135127}
	EndGlobalSection
EndGlobal
